// !$*UTF8*$!
{
	archiveVersion = 1;
	classes = {
	};
	objectVersion = 50;
	objects = {

/* Begin PBXBuildFile section */
		2A2F7B0D7CBE9459D5DCBBFE /* Pods_Parse_Instagram.framework in Frameworks */ = {isa = PBXBuildFile; fileRef = 5B772F0F665A73D68D9B1BC9 /* Pods_Parse_Instagram.framework */; };
		2BAC7709A728B9D61A6E5D9B /* Pods_Parse_InstagramTests.framework in Frameworks */ = {isa = PBXBuildFile; fileRef = 40B06A1AC39B1B05E0BF358A /* Pods_Parse_InstagramTests.framework */; };
		C53C923F2217A2E600F1A6DD /* AppDelegate.swift in Sources */ = {isa = PBXBuildFile; fileRef = C53C923E2217A2E600F1A6DD /* AppDelegate.swift */; };
		C53C92442217A2E600F1A6DD /* Main.storyboard in Resources */ = {isa = PBXBuildFile; fileRef = C53C92422217A2E600F1A6DD /* Main.storyboard */; };
		C53C92462217A2EF00F1A6DD /* Assets.xcassets in Resources */ = {isa = PBXBuildFile; fileRef = C53C92452217A2EF00F1A6DD /* Assets.xcassets */; };
		C53C92492217A2EF00F1A6DD /* LaunchScreen.storyboard in Resources */ = {isa = PBXBuildFile; fileRef = C53C92472217A2EF00F1A6DD /* LaunchScreen.storyboard */; };
		C53C92542217A2F000F1A6DD /* Parse_InstagramTests.swift in Sources */ = {isa = PBXBuildFile; fileRef = C53C92532217A2F000F1A6DD /* Parse_InstagramTests.swift */; };
		C53C925F2217A2F000F1A6DD /* Parse_InstagramUITests.swift in Sources */ = {isa = PBXBuildFile; fileRef = C53C925E2217A2F000F1A6DD /* Parse_InstagramUITests.swift */; };
		C53C926D2217D2FB00F1A6DD /* FeedViewController.swift in Sources */ = {isa = PBXBuildFile; fileRef = C53C926C2217D2FB00F1A6DD /* FeedViewController.swift */; };
		C53C926F2217D31C00F1A6DD /* LoginViewController.swift in Sources */ = {isa = PBXBuildFile; fileRef = C53C926E2217D31C00F1A6DD /* LoginViewController.swift */; };
		C53C92712217E49F00F1A6DD /* CameraViewController.swift in Sources */ = {isa = PBXBuildFile; fileRef = C53C92702217E49F00F1A6DD /* CameraViewController.swift */; };
		C53C92732218C1B300F1A6DD /* PostCell.swift in Sources */ = {isa = PBXBuildFile; fileRef = C53C92722218C1B300F1A6DD /* PostCell.swift */; };
		C5921CF22223AC7400C445F9 /* CommentTableViewCell.swift in Sources */ = {isa = PBXBuildFile; fileRef = C5921CF12223AC7400C445F9 /* CommentTableViewCell.swift */; };
		CD6C7961D4DB7FB2348B52DB /* Pods_Parse_InstagramUITests.framework in Frameworks */ = {isa = PBXBuildFile; fileRef = BBA050EB5DC638B9FA67F573 /* Pods_Parse_InstagramUITests.framework */; };
/* End PBXBuildFile section */

/* Begin PBXContainerItemProxy section */
		C53C92502217A2F000F1A6DD /* PBXContainerItemProxy */ = {
			isa = PBXContainerItemProxy;
			containerPortal = C53C92332217A2E600F1A6DD /* Project object */;
			proxyType = 1;
			remoteGlobalIDString = C53C923A2217A2E600F1A6DD;
			remoteInfo = Parse_Instagram;
		};
		C53C925B2217A2F000F1A6DD /* PBXContainerItemProxy */ = {
			isa = PBXContainerItemProxy;
			containerPortal = C53C92332217A2E600F1A6DD /* Project object */;
			proxyType = 1;
			remoteGlobalIDString = C53C923A2217A2E600F1A6DD;
			remoteInfo = Parse_Instagram;
		};
/* End PBXContainerItemProxy section */

/* Begin PBXFileReference section */
		16208D3FFFD57E574C6439BD /* Pods-Parse_Instagram.debug.xcconfig */ = {isa = PBXFileReference; includeInIndex = 1; lastKnownFileType = text.xcconfig; name = "Pods-Parse_Instagram.debug.xcconfig"; path = "Pods/Target Support Files/Pods-Parse_Instagram/Pods-Parse_Instagram.debug.xcconfig"; sourceTree = "<group>"; };
		40B06A1AC39B1B05E0BF358A /* Pods_Parse_InstagramTests.framework */ = {isa = PBXFileReference; explicitFileType = wrapper.framework; includeInIndex = 0; path = Pods_Parse_InstagramTests.framework; sourceTree = BUILT_PRODUCTS_DIR; };
		4C70BF33B11D6F14ECF2A7AF /* Pods-Parse_Instagram.release.xcconfig */ = {isa = PBXFileReference; includeInIndex = 1; lastKnownFileType = text.xcconfig; name = "Pods-Parse_Instagram.release.xcconfig"; path = "Pods/Target Support Files/Pods-Parse_Instagram/Pods-Parse_Instagram.release.xcconfig"; sourceTree = "<group>"; };
		5B772F0F665A73D68D9B1BC9 /* Pods_Parse_Instagram.framework */ = {isa = PBXFileReference; explicitFileType = wrapper.framework; includeInIndex = 0; path = Pods_Parse_Instagram.framework; sourceTree = BUILT_PRODUCTS_DIR; };
		668ED913F362C487C38E0449 /* Pods-Parse_InstagramUITests.release.xcconfig */ = {isa = PBXFileReference; includeInIndex = 1; lastKnownFileType = text.xcconfig; name = "Pods-Parse_InstagramUITests.release.xcconfig"; path = "Pods/Target Support Files/Pods-Parse_InstagramUITests/Pods-Parse_InstagramUITests.release.xcconfig"; sourceTree = "<group>"; };
		9DE35FE717AF8FBBB8BE2FCB /* Pods-Parse_InstagramTests.release.xcconfig */ = {isa = PBXFileReference; includeInIndex = 1; lastKnownFileType = text.xcconfig; name = "Pods-Parse_InstagramTests.release.xcconfig"; path = "Pods/Target Support Files/Pods-Parse_InstagramTests/Pods-Parse_InstagramTests.release.xcconfig"; sourceTree = "<group>"; };
		BBA050EB5DC638B9FA67F573 /* Pods_Parse_InstagramUITests.framework */ = {isa = PBXFileReference; explicitFileType = wrapper.framework; includeInIndex = 0; path = Pods_Parse_InstagramUITests.framework; sourceTree = BUILT_PRODUCTS_DIR; };
		C53C923B2217A2E600F1A6DD /* Parse_Instagram.app */ = {isa = PBXFileReference; explicitFileType = wrapper.application; includeInIndex = 0; path = Parse_Instagram.app; sourceTree = BUILT_PRODUCTS_DIR; };
		C53C923E2217A2E600F1A6DD /* AppDelegate.swift */ = {isa = PBXFileReference; lastKnownFileType = sourcecode.swift; path = AppDelegate.swift; sourceTree = "<group>"; };
		C53C92432217A2E600F1A6DD /* Base */ = {isa = PBXFileReference; lastKnownFileType = file.storyboard; name = Base; path = Base.lproj/Main.storyboard; sourceTree = "<group>"; };
		C53C92452217A2EF00F1A6DD /* Assets.xcassets */ = {isa = PBXFileReference; lastKnownFileType = folder.assetcatalog; path = Assets.xcassets; sourceTree = "<group>"; };
		C53C92482217A2EF00F1A6DD /* Base */ = {isa = PBXFileReference; lastKnownFileType = file.storyboard; name = Base; path = Base.lproj/LaunchScreen.storyboard; sourceTree = "<group>"; };
		C53C924A2217A2EF00F1A6DD /* Info.plist */ = {isa = PBXFileReference; lastKnownFileType = text.plist.xml; path = Info.plist; sourceTree = "<group>"; };
		C53C924F2217A2F000F1A6DD /* Parse_InstagramTests.xctest */ = {isa = PBXFileReference; explicitFileType = wrapper.cfbundle; includeInIndex = 0; path = Parse_InstagramTests.xctest; sourceTree = BUILT_PRODUCTS_DIR; };
		C53C92532217A2F000F1A6DD /* Parse_InstagramTests.swift */ = {isa = PBXFileReference; lastKnownFileType = sourcecode.swift; path = Parse_InstagramTests.swift; sourceTree = "<group>"; };
		C53C92552217A2F000F1A6DD /* Info.plist */ = {isa = PBXFileReference; lastKnownFileType = text.plist.xml; path = Info.plist; sourceTree = "<group>"; };
		C53C925A2217A2F000F1A6DD /* Parse_InstagramUITests.xctest */ = {isa = PBXFileReference; explicitFileType = wrapper.cfbundle; includeInIndex = 0; path = Parse_InstagramUITests.xctest; sourceTree = BUILT_PRODUCTS_DIR; };
		C53C925E2217A2F000F1A6DD /* Parse_InstagramUITests.swift */ = {isa = PBXFileReference; lastKnownFileType = sourcecode.swift; path = Parse_InstagramUITests.swift; sourceTree = "<group>"; };
		C53C92602217A2F000F1A6DD /* Info.plist */ = {isa = PBXFileReference; lastKnownFileType = text.plist.xml; path = Info.plist; sourceTree = "<group>"; };
		C53C926C2217D2FB00F1A6DD /* FeedViewController.swift */ = {isa = PBXFileReference; lastKnownFileType = sourcecode.swift; path = FeedViewController.swift; sourceTree = "<group>"; };
		C53C926E2217D31C00F1A6DD /* LoginViewController.swift */ = {isa = PBXFileReference; lastKnownFileType = sourcecode.swift; path = LoginViewController.swift; sourceTree = "<group>"; };
		C53C92702217E49F00F1A6DD /* CameraViewController.swift */ = {isa = PBXFileReference; lastKnownFileType = sourcecode.swift; path = CameraViewController.swift; sourceTree = "<group>"; };
		C53C92722218C1B300F1A6DD /* PostCell.swift */ = {isa = PBXFileReference; lastKnownFileType = sourcecode.swift; path = PostCell.swift; sourceTree = "<group>"; };
		C5921CF12223AC7400C445F9 /* CommentTableViewCell.swift */ = {isa = PBXFileReference; lastKnownFileType = sourcecode.swift; path = CommentTableViewCell.swift; sourceTree = "<group>"; };
		D845DE8823958255CB46A12B /* Pods-Parse_InstagramTests.debug.xcconfig */ = {isa = PBXFileReference; includeInIndex = 1; lastKnownFileType = text.xcconfig; name = "Pods-Parse_InstagramTests.debug.xcconfig"; path = "Pods/Target Support Files/Pods-Parse_InstagramTests/Pods-Parse_InstagramTests.debug.xcconfig"; sourceTree = "<group>"; };
		ECB00CC800ADC4E5A1DFE153 /* Pods-Parse_InstagramUITests.debug.xcconfig */ = {isa = PBXFileReference; includeInIndex = 1; lastKnownFileType = text.xcconfig; name = "Pods-Parse_InstagramUITests.debug.xcconfig"; path = "Pods/Target Support Files/Pods-Parse_InstagramUITests/Pods-Parse_InstagramUITests.debug.xcconfig"; sourceTree = "<group>"; };
/* End PBXFileReference section */

/* Begin PBXFrameworksBuildPhase section */
		C53C92382217A2E600F1A6DD /* Frameworks */ = {
			isa = PBXFrameworksBuildPhase;
			buildActionMask = 2147483647;
			files = (
				2A2F7B0D7CBE9459D5DCBBFE /* Pods_Parse_Instagram.framework in Frameworks */,
			);
			runOnlyForDeploymentPostprocessing = 0;
		};
		C53C924C2217A2F000F1A6DD /* Frameworks */ = {
			isa = PBXFrameworksBuildPhase;
			buildActionMask = 2147483647;
			files = (
				2BAC7709A728B9D61A6E5D9B /* Pods_Parse_InstagramTests.framework in Frameworks */,
			);
			runOnlyForDeploymentPostprocessing = 0;
		};
		C53C92572217A2F000F1A6DD /* Frameworks */ = {
			isa = PBXFrameworksBuildPhase;
			buildActionMask = 2147483647;
			files = (
				CD6C7961D4DB7FB2348B52DB /* Pods_Parse_InstagramUITests.framework in Frameworks */,
			);
			runOnlyForDeploymentPostprocessing = 0;
		};
/* End PBXFrameworksBuildPhase section */

/* Begin PBXGroup section */
		9A692D8CF089C4204FD5F520 /* Pods */ = {
			isa = PBXGroup;
			children = (
				16208D3FFFD57E574C6439BD /* Pods-Parse_Instagram.debug.xcconfig */,
				4C70BF33B11D6F14ECF2A7AF /* Pods-Parse_Instagram.release.xcconfig */,
				D845DE8823958255CB46A12B /* Pods-Parse_InstagramTests.debug.xcconfig */,
				9DE35FE717AF8FBBB8BE2FCB /* Pods-Parse_InstagramTests.release.xcconfig */,
				ECB00CC800ADC4E5A1DFE153 /* Pods-Parse_InstagramUITests.debug.xcconfig */,
				668ED913F362C487C38E0449 /* Pods-Parse_InstagramUITests.release.xcconfig */,
			);
			name = Pods;
			sourceTree = "<group>";
		};
		A8287F583EA5300EAD57471F /* Frameworks */ = {
			isa = PBXGroup;
			children = (
				5B772F0F665A73D68D9B1BC9 /* Pods_Parse_Instagram.framework */,
				40B06A1AC39B1B05E0BF358A /* Pods_Parse_InstagramTests.framework */,
				BBA050EB5DC638B9FA67F573 /* Pods_Parse_InstagramUITests.framework */,
			);
			name = Frameworks;
			sourceTree = "<group>";
		};
		C53C92322217A2E600F1A6DD = {
			isa = PBXGroup;
			children = (
				C53C923D2217A2E600F1A6DD /* Parse_Instagram */,
				C53C92522217A2F000F1A6DD /* Parse_InstagramTests */,
				C53C925D2217A2F000F1A6DD /* Parse_InstagramUITests */,
				C53C923C2217A2E600F1A6DD /* Products */,
				9A692D8CF089C4204FD5F520 /* Pods */,
				A8287F583EA5300EAD57471F /* Frameworks */,
			);
			sourceTree = "<group>";
		};
		C53C923C2217A2E600F1A6DD /* Products */ = {
			isa = PBXGroup;
			children = (
				C53C923B2217A2E600F1A6DD /* Parse_Instagram.app */,
				C53C924F2217A2F000F1A6DD /* Parse_InstagramTests.xctest */,
				C53C925A2217A2F000F1A6DD /* Parse_InstagramUITests.xctest */,
			);
			name = Products;
			sourceTree = "<group>";
		};
		C53C923D2217A2E600F1A6DD /* Parse_Instagram */ = {
			isa = PBXGroup;
			children = (
				C53C923E2217A2E600F1A6DD /* AppDelegate.swift */,
				C53C92422217A2E600F1A6DD /* Main.storyboard */,
				C53C92722218C1B300F1A6DD /* PostCell.swift */,
				C53C92452217A2EF00F1A6DD /* Assets.xcassets */,
				C53C92472217A2EF00F1A6DD /* LaunchScreen.storyboard */,
				C53C924A2217A2EF00F1A6DD /* Info.plist */,
				C53C926C2217D2FB00F1A6DD /* FeedViewController.swift */,
				C53C926E2217D31C00F1A6DD /* LoginViewController.swift */,
				C53C92702217E49F00F1A6DD /* CameraViewController.swift */,
				C5921CF12223AC7400C445F9 /* CommentTableViewCell.swift */,
			);
			path = Parse_Instagram;
			sourceTree = "<group>";
		};
		C53C92522217A2F000F1A6DD /* Parse_InstagramTests */ = {
			isa = PBXGroup;
			children = (
				C53C92532217A2F000F1A6DD /* Parse_InstagramTests.swift */,
				C53C92552217A2F000F1A6DD /* Info.plist */,
			);
			path = Parse_InstagramTests;
			sourceTree = "<group>";
		};
		C53C925D2217A2F000F1A6DD /* Parse_InstagramUITests */ = {
			isa = PBXGroup;
			children = (
				C53C925E2217A2F000F1A6DD /* Parse_InstagramUITests.swift */,
				C53C92602217A2F000F1A6DD /* Info.plist */,
			);
			path = Parse_InstagramUITests;
			sourceTree = "<group>";
		};
/* End PBXGroup section */

/* Begin PBXNativeTarget section */
		C53C923A2217A2E600F1A6DD /* Parse_Instagram */ = {
			isa = PBXNativeTarget;
			buildConfigurationList = C53C92632217A2F000F1A6DD /* Build configuration list for PBXNativeTarget "Parse_Instagram" */;
			buildPhases = (
				D4CD6FF821EA9A32E2D916DE /* [CP] Check Pods Manifest.lock */,
				C53C92372217A2E600F1A6DD /* Sources */,
				C53C92382217A2E600F1A6DD /* Frameworks */,
				C53C92392217A2E600F1A6DD /* Resources */,
				D8661FAB5136A4ABB730907E /* [CP] Embed Pods Frameworks */,
			);
			buildRules = (
			);
			dependencies = (
			);
			name = Parse_Instagram;
			productName = Parse_Instagram;
			productReference = C53C923B2217A2E600F1A6DD /* Parse_Instagram.app */;
			productType = "com.apple.product-type.application";
		};
		C53C924E2217A2F000F1A6DD /* Parse_InstagramTests */ = {
			isa = PBXNativeTarget;
			buildConfigurationList = C53C92662217A2F000F1A6DD /* Build configuration list for PBXNativeTarget "Parse_InstagramTests" */;
			buildPhases = (
				91DEB98DA873B7A5BD8F8231 /* [CP] Check Pods Manifest.lock */,
				C53C924B2217A2F000F1A6DD /* Sources */,
				C53C924C2217A2F000F1A6DD /* Frameworks */,
				C53C924D2217A2F000F1A6DD /* Resources */,
			);
			buildRules = (
			);
			dependencies = (
				C53C92512217A2F000F1A6DD /* PBXTargetDependency */,
			);
			name = Parse_InstagramTests;
			productName = Parse_InstagramTests;
			productReference = C53C924F2217A2F000F1A6DD /* Parse_InstagramTests.xctest */;
			productType = "com.apple.product-type.bundle.unit-test";
		};
		C53C92592217A2F000F1A6DD /* Parse_InstagramUITests */ = {
			isa = PBXNativeTarget;
			buildConfigurationList = C53C92692217A2F000F1A6DD /* Build configuration list for PBXNativeTarget "Parse_InstagramUITests" */;
			buildPhases = (
				9B03A6859A2CBFF204C2E2C4 /* [CP] Check Pods Manifest.lock */,
				C53C92562217A2F000F1A6DD /* Sources */,
				C53C92572217A2F000F1A6DD /* Frameworks */,
				C53C92582217A2F000F1A6DD /* Resources */,
			);
			buildRules = (
			);
			dependencies = (
				C53C925C2217A2F000F1A6DD /* PBXTargetDependency */,
			);
			name = Parse_InstagramUITests;
			productName = Parse_InstagramUITests;
			productReference = C53C925A2217A2F000F1A6DD /* Parse_InstagramUITests.xctest */;
			productType = "com.apple.product-type.bundle.ui-testing";
		};
/* End PBXNativeTarget section */

/* Begin PBXProject section */
		C53C92332217A2E600F1A6DD /* Project object */ = {
			isa = PBXProject;
			attributes = {
				LastSwiftUpdateCheck = 1010;
				LastUpgradeCheck = 1010;
				ORGANIZATIONNAME = MBH;
				TargetAttributes = {
					C53C923A2217A2E600F1A6DD = {
						CreatedOnToolsVersion = 10.1;
					};
					C53C924E2217A2F000F1A6DD = {
						CreatedOnToolsVersion = 10.1;
						TestTargetID = C53C923A2217A2E600F1A6DD;
					};
					C53C92592217A2F000F1A6DD = {
						CreatedOnToolsVersion = 10.1;
						TestTargetID = C53C923A2217A2E600F1A6DD;
					};
				};
			};
			buildConfigurationList = C53C92362217A2E600F1A6DD /* Build configuration list for PBXProject "Parse_Instagram" */;
			compatibilityVersion = "Xcode 9.3";
			developmentRegion = en;
			hasScannedForEncodings = 0;
			knownRegions = (
				en,
				Base,
			);
			mainGroup = C53C92322217A2E600F1A6DD;
			productRefGroup = C53C923C2217A2E600F1A6DD /* Products */;
			projectDirPath = "";
			projectRoot = "";
			targets = (
				C53C923A2217A2E600F1A6DD /* Parse_Instagram */,
				C53C924E2217A2F000F1A6DD /* Parse_InstagramTests */,
				C53C92592217A2F000F1A6DD /* Parse_InstagramUITests */,
			);
		};
/* End PBXProject section */

/* Begin PBXResourcesBuildPhase section */
		C53C92392217A2E600F1A6DD /* Resources */ = {
			isa = PBXResourcesBuildPhase;
			buildActionMask = 2147483647;
			files = (
				C53C92492217A2EF00F1A6DD /* LaunchScreen.storyboard in Resources */,
				C53C92462217A2EF00F1A6DD /* Assets.xcassets in Resources */,
				C53C92442217A2E600F1A6DD /* Main.storyboard in Resources */,
			);
			runOnlyForDeploymentPostprocessing = 0;
		};
		C53C924D2217A2F000F1A6DD /* Resources */ = {
			isa = PBXResourcesBuildPhase;
			buildActionMask = 2147483647;
			files = (
			);
			runOnlyForDeploymentPostprocessing = 0;
		};
		C53C92582217A2F000F1A6DD /* Resources */ = {
			isa = PBXResourcesBuildPhase;
			buildActionMask = 2147483647;
			files = (
			);
			runOnlyForDeploymentPostprocessing = 0;
		};
/* End PBXResourcesBuildPhase section */

/* Begin PBXShellScriptBuildPhase section */
		91DEB98DA873B7A5BD8F8231 /* [CP] Check Pods Manifest.lock */ = {
			isa = PBXShellScriptBuildPhase;
			buildActionMask = 2147483647;
			files = (
			);
			inputFileListPaths = (
			);
			inputPaths = (
				"${PODS_PODFILE_DIR_PATH}/Podfile.lock",
				"${PODS_ROOT}/Manifest.lock",
			);
			name = "[CP] Check Pods Manifest.lock";
			outputFileListPaths = (
			);
			outputPaths = (
				"$(DERIVED_FILE_DIR)/Pods-Parse_InstagramTests-checkManifestLockResult.txt",
			);
			runOnlyForDeploymentPostprocessing = 0;
			shellPath = /bin/sh;
			shellScript = "diff \"${PODS_PODFILE_DIR_PATH}/Podfile.lock\" \"${PODS_ROOT}/Manifest.lock\" > /dev/null\nif [ $? != 0 ] ; then\n    # print error to STDERR\n    echo \"error: The sandbox is not in sync with the Podfile.lock. Run 'pod install' or update your CocoaPods installation.\" >&2\n    exit 1\nfi\n# This output is used by Xcode 'outputs' to avoid re-running this script phase.\necho \"SUCCESS\" > \"${SCRIPT_OUTPUT_FILE_0}\"\n";
			showEnvVarsInLog = 0;
		};
		9B03A6859A2CBFF204C2E2C4 /* [CP] Check Pods Manifest.lock */ = {
			isa = PBXShellScriptBuildPhase;
			buildActionMask = 2147483647;
			files = (
			);
			inputFileListPaths = (
			);
			inputPaths = (
				"${PODS_PODFILE_DIR_PATH}/Podfile.lock",
				"${PODS_ROOT}/Manifest.lock",
			);
			name = "[CP] Check Pods Manifest.lock";
			outputFileListPaths = (
			);
			outputPaths = (
				"$(DERIVED_FILE_DIR)/Pods-Parse_InstagramUITests-checkManifestLockResult.txt",
			);
			runOnlyForDeploymentPostprocessing = 0;
			shellPath = /bin/sh;
			shellScript = "diff \"${PODS_PODFILE_DIR_PATH}/Podfile.lock\" \"${PODS_ROOT}/Manifest.lock\" > /dev/null\nif [ $? != 0 ] ; then\n    # print error to STDERR\n    echo \"error: The sandbox is not in sync with the Podfile.lock. Run 'pod install' or update your CocoaPods installation.\" >&2\n    exit 1\nfi\n# This output is used by Xcode 'outputs' to avoid re-running this script phase.\necho \"SUCCESS\" > \"${SCRIPT_OUTPUT_FILE_0}\"\n";
			showEnvVarsInLog = 0;
		};
		D4CD6FF821EA9A32E2D916DE /* [CP] Check Pods Manifest.lock */ = {
			isa = PBXShellScriptBuildPhase;
			buildActionMask = 2147483647;
			files = (
			);
			inputFileListPaths = (
			);
			inputPaths = (
				"${PODS_PODFILE_DIR_PATH}/Podfile.lock",
				"${PODS_ROOT}/Manifest.lock",
			);
			name = "[CP] Check Pods Manifest.lock";
			outputFileListPaths = (
			);
			outputPaths = (
				"$(DERIVED_FILE_DIR)/Pods-Parse_Instagram-checkManifestLockResult.txt",
			);
			runOnlyForDeploymentPostprocessing = 0;
			shellPath = /bin/sh;
			shellScript = "diff \"${PODS_PODFILE_DIR_PATH}/Podfile.lock\" \"${PODS_ROOT}/Manifest.lock\" > /dev/null\nif [ $? != 0 ] ; then\n    # print error to STDERR\n    echo \"error: The sandbox is not in sync with the Podfile.lock. Run 'pod install' or update your CocoaPods installation.\" >&2\n    exit 1\nfi\n# This output is used by Xcode 'outputs' to avoid re-running this script phase.\necho \"SUCCESS\" > \"${SCRIPT_OUTPUT_FILE_0}\"\n";
			showEnvVarsInLog = 0;
		};
		D8661FAB5136A4ABB730907E /* [CP] Embed Pods Frameworks */ = {
			isa = PBXShellScriptBuildPhase;
			buildActionMask = 2147483647;
			files = (
			);
			inputFileListPaths = (
			);
			inputPaths = (
				"${SRCROOT}/Pods/Target Support Files/Pods-Parse_Instagram/Pods-Parse_Instagram-frameworks.sh",
				"${BUILT_PRODUCTS_DIR}/Alamofire/Alamofire.framework",
				"${BUILT_PRODUCTS_DIR}/AlamofireImage/AlamofireImage.framework",
				"${BUILT_PRODUCTS_DIR}/Bolts/Bolts.framework",
				"${BUILT_PRODUCTS_DIR}/MessageInputBar/MessageInputBar.framework",
				"${BUILT_PRODUCTS_DIR}/Parse/Parse.framework",
			);
			name = "[CP] Embed Pods Frameworks";
			outputFileListPaths = (
			);
			outputPaths = (
				"${TARGET_BUILD_DIR}/${FRAMEWORKS_FOLDER_PATH}/Alamofire.framework",
				"${TARGET_BUILD_DIR}/${FRAMEWORKS_FOLDER_PATH}/AlamofireImage.framework",
				"${TARGET_BUILD_DIR}/${FRAMEWORKS_FOLDER_PATH}/Bolts.framework",
				"${TARGET_BUILD_DIR}/${FRAMEWORKS_FOLDER_PATH}/MessageInputBar.framework",
				"${TARGET_BUILD_DIR}/${FRAMEWORKS_FOLDER_PATH}/Parse.framework",
			);
			runOnlyForDeploymentPostprocessing = 0;
			shellPath = /bin/sh;
			shellScript = "\"${SRCROOT}/Pods/Target Support Files/Pods-Parse_Instagram/Pods-Parse_Instagram-frameworks.sh\"\n";
			showEnvVarsInLog = 0;
		};
/* End PBXShellScriptBuildPhase section */

/* Begin PBXSourcesBuildPhase section */
		C53C92372217A2E600F1A6DD /* Sources */ = {
			isa = PBXSourcesBuildPhase;
			buildActionMask = 2147483647;
			files = (
				C53C926F2217D31C00F1A6DD /* LoginViewController.swift in Sources */,
				C5921CF22223AC7400C445F9 /* CommentTableViewCell.swift in Sources */,
				C53C926D2217D2FB00F1A6DD /* FeedViewController.swift in Sources */,
				C53C923F2217A2E600F1A6DD /* AppDelegate.swift in Sources */,
				C53C92712217E49F00F1A6DD /* CameraViewController.swift in Sources */,
				C53C92732218C1B300F1A6DD /* PostCell.swift in Sources */,
			);
			runOnlyForDeploymentPostprocessing = 0;
		};
		C53C924B2217A2F000F1A6DD /* Sources */ = {
			isa = PBXSourcesBuildPhase;
			buildActionMask = 2147483647;
			files = (
				C53C92542217A2F000F1A6DD /* Parse_InstagramTests.swift in Sources */,
			);
			runOnlyForDeploymentPostprocessing = 0;
		};
		C53C92562217A2F000F1A6DD /* Sources */ = {
			isa = PBXSourcesBuildPhase;
			buildActionMask = 2147483647;
			files = (
				C53C925F2217A2F000F1A6DD /* Parse_InstagramUITests.swift in Sources */,
			);
			runOnlyForDeploymentPostprocessing = 0;
		};
/* End PBXSourcesBuildPhase section */

/* Begin PBXTargetDependency section */
		C53C92512217A2F000F1A6DD /* PBXTargetDependency */ = {
			isa = PBXTargetDependency;
			target = C53C923A2217A2E600F1A6DD /* Parse_Instagram */;
			targetProxy = C53C92502217A2F000F1A6DD /* PBXContainerItemProxy */;
		};
		C53C925C2217A2F000F1A6DD /* PBXTargetDependency */ = {
			isa = PBXTargetDependency;
			target = C53C923A2217A2E600F1A6DD /* Parse_Instagram */;
			targetProxy = C53C925B2217A2F000F1A6DD /* PBXContainerItemProxy */;
		};
/* End PBXTargetDependency section */

/* Begin PBXVariantGroup section */
		C53C92422217A2E600F1A6DD /* Main.storyboard */ = {
			isa = PBXVariantGroup;
			children = (
				C53C92432217A2E600F1A6DD /* Base */,
			);
			name = Main.storyboard;
			sourceTree = "<group>";
		};
		C53C92472217A2EF00F1A6DD /* LaunchScreen.storyboard */ = {
			isa = PBXVariantGroup;
			children = (
				C53C92482217A2EF00F1A6DD /* Base */,
			);
			name = LaunchScreen.storyboard;
			sourceTree = "<group>";
		};
/* End PBXVariantGroup section */

/* Begin XCBuildConfiguration section */
		C53C92612217A2F000F1A6DD /* Debug */ = {
			isa = XCBuildConfiguration;
			buildSettings = {
				ALWAYS_SEARCH_USER_PATHS = NO;
				CLANG_ANALYZER_NONNULL = YES;
				CLANG_ANALYZER_NUMBER_OBJECT_CONVERSION = YES_AGGRESSIVE;
				CLANG_CXX_LANGUAGE_STANDARD = "gnu++14";
				CLANG_CXX_LIBRARY = "libc++";
				CLANG_ENABLE_MODULES = YES;
				CLANG_ENABLE_OBJC_ARC = YES;
				CLANG_ENABLE_OBJC_WEAK = YES;
				CLANG_WARN_BLOCK_CAPTURE_AUTORELEASING = YES;
				CLANG_WARN_BOOL_CONVERSION = YES;
				CLANG_WARN_COMMA = YES;
				CLANG_WARN_CONSTANT_CONVERSION = YES;
				CLANG_WARN_DEPRECATED_OBJC_IMPLEMENTATIONS = YES;
				CLANG_WARN_DIRECT_OBJC_ISA_USAGE = YES_ERROR;
				CLANG_WARN_DOCUMENTATION_COMMENTS = YES;
				CLANG_WARN_EMPTY_BODY = YES;
				CLANG_WARN_ENUM_CONVERSION = YES;
				CLANG_WARN_INFINITE_RECURSION = YES;
				CLANG_WARN_INT_CONVERSION = YES;
				CLANG_WARN_NON_LITERAL_NULL_CONVERSION = YES;
				CLANG_WARN_OBJC_IMPLICIT_RETAIN_SELF = YES;
				CLANG_WARN_OBJC_LITERAL_CONVERSION = YES;
				CLANG_WARN_OBJC_ROOT_CLASS = YES_ERROR;
				CLANG_WARN_RANGE_LOOP_ANALYSIS = YES;
				CLANG_WARN_STRICT_PROTOTYPES = YES;
				CLANG_WARN_SUSPICIOUS_MOVE = YES;
				CLANG_WARN_UNGUARDED_AVAILABILITY = YES_AGGRESSIVE;
				CLANG_WARN_UNREACHABLE_CODE = YES;
				CLANG_WARN__DUPLICATE_METHOD_MATCH = YES;
				CODE_SIGN_IDENTITY = "iPhone Developer";
				COPY_PHASE_STRIP = NO;
				DEBUG_INFORMATION_FORMAT = dwarf;
				ENABLE_STRICT_OBJC_MSGSEND = YES;
				ENABLE_TESTABILITY = YES;
				GCC_C_LANGUAGE_STANDARD = gnu11;
				GCC_DYNAMIC_NO_PIC = NO;
				GCC_NO_COMMON_BLOCKS = YES;
				GCC_OPTIMIZATION_LEVEL = 0;
				GCC_PREPROCESSOR_DEFINITIONS = (
					"DEBUG=1",
					"$(inherited)",
				);
				GCC_WARN_64_TO_32_BIT_CONVERSION = YES;
				GCC_WARN_ABOUT_RETURN_TYPE = YES_ERROR;
				GCC_WARN_UNDECLARED_SELECTOR = YES;
				GCC_WARN_UNINITIALIZED_AUTOS = YES_AGGRESSIVE;
				GCC_WARN_UNUSED_FUNCTION = YES;
				GCC_WARN_UNUSED_VARIABLE = YES;
				IPHONEOS_DEPLOYMENT_TARGET = 12.1;
				MTL_ENABLE_DEBUG_INFO = INCLUDE_SOURCE;
				MTL_FAST_MATH = YES;
				ONLY_ACTIVE_ARCH = YES;
				SDKROOT = iphoneos;
				SWIFT_ACTIVE_COMPILATION_CONDITIONS = DEBUG;
				SWIFT_OPTIMIZATION_LEVEL = "-Onone";
			};
			name = Debug;
		};
		C53C92622217A2F000F1A6DD /* Release */ = {
			isa = XCBuildConfiguration;
			buildSettings = {
				ALWAYS_SEARCH_USER_PATHS = NO;
				CLANG_ANALYZER_NONNULL = YES;
				CLANG_ANALYZER_NUMBER_OBJECT_CONVERSION = YES_AGGRESSIVE;
				CLANG_CXX_LANGUAGE_STANDARD = "gnu++14";
				CLANG_CXX_LIBRARY = "libc++";
				CLANG_ENABLE_MODULES = YES;
				CLANG_ENABLE_OBJC_ARC = YES;
				CLANG_ENABLE_OBJC_WEAK = YES;
				CLANG_WARN_BLOCK_CAPTURE_AUTORELEASING = YES;
				CLANG_WARN_BOOL_CONVERSION = YES;
				CLANG_WARN_COMMA = YES;
				CLANG_WARN_CONSTANT_CONVERSION = YES;
				CLANG_WARN_DEPRECATED_OBJC_IMPLEMENTATIONS = YES;
				CLANG_WARN_DIRECT_OBJC_ISA_USAGE = YES_ERROR;
				CLANG_WARN_DOCUMENTATION_COMMENTS = YES;
				CLANG_WARN_EMPTY_BODY = YES;
				CLANG_WARN_ENUM_CONVERSION = YES;
				CLANG_WARN_INFINITE_RECURSION = YES;
				CLANG_WARN_INT_CONVERSION = YES;
				CLANG_WARN_NON_LITERAL_NULL_CONVERSION = YES;
				CLANG_WARN_OBJC_IMPLICIT_RETAIN_SELF = YES;
				CLANG_WARN_OBJC_LITERAL_CONVERSION = YES;
				CLANG_WARN_OBJC_ROOT_CLASS = YES_ERROR;
				CLANG_WARN_RANGE_LOOP_ANALYSIS = YES;
				CLANG_WARN_STRICT_PROTOTYPES = YES;
				CLANG_WARN_SUSPICIOUS_MOVE = YES;
				CLANG_WARN_UNGUARDED_AVAILABILITY = YES_AGGRESSIVE;
				CLANG_WARN_UNREACHABLE_CODE = YES;
				CLANG_WARN__DUPLICATE_METHOD_MATCH = YES;
				CODE_SIGN_IDENTITY = "iPhone Developer";
				COPY_PHASE_STRIP = NO;
				DEBUG_INFORMATION_FORMAT = "dwarf-with-dsym";
				ENABLE_NS_ASSERTIONS = NO;
				ENABLE_STRICT_OBJC_MSGSEND = YES;
				GCC_C_LANGUAGE_STANDARD = gnu11;
				GCC_NO_COMMON_BLOCKS = YES;
				GCC_WARN_64_TO_32_BIT_CONVERSION = YES;
				GCC_WARN_ABOUT_RETURN_TYPE = YES_ERROR;
				GCC_WARN_UNDECLARED_SELECTOR = YES;
				GCC_WARN_UNINITIALIZED_AUTOS = YES_AGGRESSIVE;
				GCC_WARN_UNUSED_FUNCTION = YES;
				GCC_WARN_UNUSED_VARIABLE = YES;
				IPHONEOS_DEPLOYMENT_TARGET = 12.1;
				MTL_ENABLE_DEBUG_INFO = NO;
				MTL_FAST_MATH = YES;
				SDKROOT = iphoneos;
				SWIFT_COMPILATION_MODE = wholemodule;
				SWIFT_OPTIMIZATION_LEVEL = "-O";
				VALIDATE_PRODUCT = YES;
			};
			name = Release;
		};
		C53C92642217A2F000F1A6DD /* Debug */ = {
			isa = XCBuildConfiguration;
			baseConfigurationReference = 16208D3FFFD57E574C6439BD /* Pods-Parse_Instagram.debug.xcconfig */;
			buildSettings = {
				ASSETCATALOG_COMPILER_APPICON_NAME = AppIcon;
				CODE_SIGN_STYLE = Automatic;
				DEVELOPMENT_TEAM = SZN6BLT893;
				INFOPLIST_FILE = Parse_Instagram/Info.plist;
				LD_RUNPATH_SEARCH_PATHS = (
					"$(inherited)",
					"@executable_path/Frameworks",
				);
				PRODUCT_BUNDLE_IDENTIFIER = "com.mbh.devproject.Parse-Instagram";
				PRODUCT_NAME = "$(TARGET_NAME)";
				SWIFT_VERSION = 4.2;
				TARGETED_DEVICE_FAMILY = "1,2";
			};
			name = Debug;
		};
		C53C92652217A2F000F1A6DD /* Release */ = {
			isa = XCBuildConfiguration;
			baseConfigurationReference = 4C70BF33B11D6F14ECF2A7AF /* Pods-Parse_Instagram.release.xcconfig */;
			buildSettings = {
				ASSETCATALOG_COMPILER_APPICON_NAME = AppIcon;
				CODE_SIGN_STYLE = Automatic;
				DEVELOPMENT_TEAM = SZN6BLT893;
				INFOPLIST_FILE = Parse_Instagram/Info.plist;
				LD_RUNPATH_SEARCH_PATHS = (
					"$(inherited)",
					"@executable_path/Frameworks",
				);
				PRODUCT_BUNDLE_IDENTIFIER = "com.mbh.devproject.Parse-Instagram";
				PRODUCT_NAME = "$(TARGET_NAME)";
				SWIFT_VERSION = 4.2;
				TARGETED_DEVICE_FAMILY = "1,2";
			};
			name = Release;
		};
		C53C92672217A2F000F1A6DD /* Debug */ = {
			isa = XCBuildConfiguration;
			baseConfigurationReference = D845DE8823958255CB46A12B /* Pods-Parse_InstagramTests.debug.xcconfig */;
			buildSettings = {
				ALWAYS_EMBED_SWIFT_STANDARD_LIBRARIES = YES;
				BUNDLE_LOADER = "$(TEST_HOST)";
				CODE_SIGN_STYLE = Automatic;
				DEVELOPMENT_TEAM = SZN6BLT893;
				INFOPLIST_FILE = Parse_InstagramTests/Info.plist;
				LD_RUNPATH_SEARCH_PATHS = (
					"$(inherited)",
					"@executable_path/Frameworks",
					"@loader_path/Frameworks",
				);
				PRODUCT_BUNDLE_IDENTIFIER = "com.mbh.devproject.Parse-InstagramTests";
				PRODUCT_NAME = "$(TARGET_NAME)";
				SWIFT_VERSION = 4.2;
				TARGETED_DEVICE_FAMILY = "1,2";
				TEST_HOST = "$(BUILT_PRODUCTS_DIR)/Parse_Instagram.app/Parse_Instagram";
			};
			name = Debug;
		};
		C53C92682217A2F000F1A6DD /* Release */ = {
			isa = XCBuildConfiguration;
			baseConfigurationReference = 9DE35FE717AF8FBBB8BE2FCB /* Pods-Parse_InstagramTests.release.xcconfig */;
			buildSettings = {
				ALWAYS_EMBED_SWIFT_STANDARD_LIBRARIES = YES;
				BUNDLE_LOADER = "$(TEST_HOST)";
				CODE_SIGN_STYLE = Automatic;
				DEVELOPMENT_TEAM = SZN6BLT893;
				INFOPLIST_FILE = Parse_InstagramTests/Info.plist;
				LD_RUNPATH_SEARCH_PATHS = (
					"$(inherited)",
					"@executable_path/Frameworks",
					"@loader_path/Frameworks",
				);
				PRODUCT_BUNDLE_IDENTIFIER = "com.mbh.devproject.Parse-InstagramTests";
				PRODUCT_NAME = "$(TARGET_NAME)";
				SWIFT_VERSION = 4.2;
				TARGETED_DEVICE_FAMILY = "1,2";
				TEST_HOST = "$(BUILT_PRODUCTS_DIR)/Parse_Instagram.app/Parse_Instagram";
			};
			name = Release;
		};
		C53C926A2217A2F000F1A6DD /* Debug */ = {
			isa = XCBuildConfiguration;
			baseConfigurationReference = ECB00CC800ADC4E5A1DFE153 /* Pods-Parse_InstagramUITests.debug.xcconfig */;
			buildSettings = {
				ALWAYS_EMBED_SWIFT_STANDARD_LIBRARIES = YES;
				CODE_SIGN_STYLE = Automatic;
				DEVELOPMENT_TEAM = SZN6BLT893;
				INFOPLIST_FILE = Parse_InstagramUITests/Info.plist;
				LD_RUNPATH_SEARCH_PATHS = (
					"$(inherited)",
					"@executable_path/Frameworks",
					"@loader_path/Frameworks",
				);
				PRODUCT_BUNDLE_IDENTIFIER = "com.mbh.devproject.Parse-InstagramUITests";
				PRODUCT_NAME = "$(TARGET_NAME)";
				SWIFT_VERSION = 4.2;
				TARGETED_DEVICE_FAMILY = "1,2";
				TEST_TARGET_NAME = Parse_Instagram;
			};
			name = Debug;
		};
		C53C926B2217A2F000F1A6DD /* Release */ = {
			isa = XCBuildConfiguration;
			baseConfigurationReference = 668ED913F362C487C38E0449 /* Pods-Parse_InstagramUITests.release.xcconfig */;
			buildSettings = {
				ALWAYS_EMBED_SWIFT_STANDARD_LIBRARIES = YES;
				CODE_SIGN_STYLE = Automatic;
				DEVELOPMENT_TEAM = SZN6BLT893;
				INFOPLIST_FILE = Parse_InstagramUITests/Info.plist;
				LD_RUNPATH_SEARCH_PATHS = (
					"$(inherited)",
					"@executable_path/Frameworks",
					"@loader_path/Frameworks",
				);
				PRODUCT_BUNDLE_IDENTIFIER = "com.mbh.devproject.Parse-InstagramUITests";
				PRODUCT_NAME = "$(TARGET_NAME)";
				SWIFT_VERSION = 4.2;
				TARGETED_DEVICE_FAMILY = "1,2";
				TEST_TARGET_NAME = Parse_Instagram;
			};
			name = Release;
		};
/* End XCBuildConfiguration section */

/* Begin XCConfigurationList section */
		C53C92362217A2E600F1A6DD /* Build configuration list for PBXProject "Parse_Instagram" */ = {
			isa = XCConfigurationList;
			buildConfigurations = (
				C53C92612217A2F000F1A6DD /* Debug */,
				C53C92622217A2F000F1A6DD /* Release */,
			);
			defaultConfigurationIsVisible = 0;
			defaultConfigurationName = Release;
		};
		C53C92632217A2F000F1A6DD /* Build configuration list for PBXNativeTarget "Parse_Instagram" */ = {
			isa = XCConfigurationList;
			buildConfigurations = (
				C53C92642217A2F000F1A6DD /* Debug */,
				C53C92652217A2F000F1A6DD /* Release */,
			);
			defaultConfigurationIsVisible = 0;
			defaultConfigurationName = Release;
		};
		C53C92662217A2F000F1A6DD /* Build configuration list for PBXNativeTarget "Parse_InstagramTests" */ = {
			isa = XCConfigurationList;
			buildConfigurations = (
				C53C92672217A2F000F1A6DD /* Debug */,
				C53C92682217A2F000F1A6DD /* Release */,
			);
			defaultConfigurationIsVisible = 0;
			defaultConfigurationName = Release;
		};
		C53C92692217A2F000F1A6DD /* Build configuration list for PBXNativeTarget "Parse_InstagramUITests" */ = {
			isa = XCConfigurationList;
			buildConfigurations = (
				C53C926A2217A2F000F1A6DD /* Debug */,
				C53C926B2217A2F000F1A6DD /* Release */,
			);
			defaultConfigurationIsVisible = 0;
			defaultConfigurationName = Release;
		};
/* End XCConfigurationList section */
	};
	rootObject = C53C92332217A2E600F1A6DD /* Project object */;
}
